// !$*UTF8*$!
{
	archiveVersion = 1;
	classes = {
	};
	objectVersion = 77;
	objects = {

/* Begin PBXFileReference section */
		29BFDF34219C04D0F45AA3F6 /* App.app */ = {isa = PBXFileReference; explicitFileType = wrapper.application; includeInIndex = 0; path = App.app; sourceTree = BUILT_PRODUCTS_DIR; };
/* End PBXFileReference section */

/* Begin PBXFileSystemSynchronizedRootGroup section */
		C4244DA1E534FD12B2AA8792 /* App */ = {
			isa = PBXFileSystemSynchronizedRootGroup;
			path = App;
			sourceTree = "<group>";
		};
/* End PBXFileSystemSynchronizedRootGroup section */

/* Begin PBXFrameworksBuildPhase section */
		18358AF99F4385EAEAE2AE69 /* Frameworks */ = {
			isa = PBXFrameworksBuildPhase;
			buildActionMask = 2147483647;
			files = (
			);
			runOnlyForDeploymentPostprocessing = 0;
		};
/* End PBXFrameworksBuildPhase section */

/* Begin PBXGroup section */
		0288BF871AE36CD31BACA868 = {
			isa = PBXGroup;
			children = (
				C4244DA1E534FD12B2AA8792 /* App */,
				7B07203CC32D538525D03AB2 /* Products */,
			);
			sourceTree = "<group>";
		};
		7B07203CC32D538525D03AB2 /* Products */ = {
			isa = PBXGroup;
			children = (
				29BFDF34219C04D0F45AA3F6 /* App.app */,
			);
			name = Products;
			sourceTree = "<group>";
		};
/* End PBXGroup section */

/* Begin PBXNativeTarget section */
		BBF304700AF99D5D6743CB19 /* App */ = {
			isa = PBXNativeTarget;
			buildConfigurationList = 9068ED515DA53881152A8216 /* Build configuration list for PBXNativeTarget "App" */;
			buildPhases = (
				6B049AD5F403D6738C4179CB /* Cargo build */,
				0AB57D7A7CA7BD513A06F45C /* Sources */,
				18358AF99F4385EAEAE2AE69 /* Frameworks */,
				4AAFAB8ED1C2446FEC68F01D /* Resources */,
			);
			buildRules = (
			);
			dependencies = (
			);
			fileSystemSynchronizedGroups = (
				C4244DA1E534FD12B2AA8792 /* App */,
			);
			name = App;
			productName = App;
			productReference = 29BFDF34219C04D0F45AA3F6 /* App.app */;
			productType = "com.apple.product-type.application";
		};
/* End PBXNativeTarget section */

/* Begin PBXProject section */
		DFD2A2909E5B73AF4363D6DC /* Project object */ = {
			isa = PBXProject;
			attributes = {
				BuildIndependentTargetsInParallel = 1;
				LastSwiftUpdateCheck = 2600;
				LastUpgradeCheck = 2600;
			};
			buildConfigurationList = 39D24EFF2CC64443C7C4B0DE /* Build configuration list for PBXProject "App" */;
			developmentRegion = en;
			hasScannedForEncodings = 0;
			knownRegions = (
				en,
				Base,
			);
			mainGroup = 0288BF871AE36CD31BACA868;
			minimizedProjectReferenceProxies = 1;
			preferredProjectObjectVersion = 77;
			productRefGroup = 7B07203CC32D538525D03AB2 /* Products */;
			projectDirPath = "";
			projectRoot = "";
			targets = (
				BBF304700AF99D5D6743CB19 /* App */,
			);
		};
/* End PBXProject section */

/* Begin PBXResourcesBuildPhase section */
		4AAFAB8ED1C2446FEC68F01D /* Resources */ = {
			isa = PBXResourcesBuildPhase;
			buildActionMask = 2147483647;
			files = (
			);
			runOnlyForDeploymentPostprocessing = 0;
		};
/* End PBXResourcesBuildPhase section */

/* Begin PBXShellScriptBuildPhase section */
		6B049AD5F403D6738C4179CB /* Cargo build */ = {
			isa = PBXShellScriptBuildPhase;
			buildActionMask = 2147483647;
			files = (
			);
			inputFileListPaths = (
			);
			inputPaths = (
			);
			name = "Cargo build";
			outputFileListPaths = (
			);
			outputPaths = (
			);
			runOnlyForDeploymentPostprocessing = 0;
			shellPath = /bin/sh;
			shellScript = "set -e\nexport PATH=\"$HOME/.cargo/bin:$PATH\"\ncd \"${SRCROOT}/..\"\ncase \"${PLATFORM_NAME}\" in\n  iphonesimulator) RUST_TARGET=aarch64-apple-ios-sim ;;\n  iphoneos) RUST_TARGET=aarch64-apple-ios ;;\n  *) echo \"error: unsupported PLATFORM_NAME ${PLATFORM_NAME}\" >&2; exit 1 ;;\nesac\nif [ \"${CONFIGURATION}\" = \"Release\" ]; then\n  CARGO_PROFILE_DIR=release\n  cargo build --lib --release --target \"${RUST_TARGET}\"\nelse\n  CARGO_PROFILE_DIR=debug\n  cargo build --lib --target \"${RUST_TARGET}\"\nfi\ncp \"target/${RUST_TARGET}/${CARGO_PROFILE_DIR}/libdemo_app.a\" \"${BUILT_PRODUCTS_DIR}/libdemo_app.a\"\n";
		};
/* End PBXShellScriptBuildPhase section */

/* Begin PBXSourcesBuildPhase section */
		0AB57D7A7CA7BD513A06F45C /* Sources */ = {
			isa = PBXSourcesBuildPhase;
			buildActionMask = 2147483647;
			files = (
			);
			runOnlyForDeploymentPostprocessing = 0;
		};
/* End PBXSourcesBuildPhase section */

/* Begin XCBuildConfiguration section */
		FA383BE9511F68518F832D13 /* Debug */ = {
			isa = XCBuildConfiguration;
			buildSettings = {
				ALWAYS_SEARCH_USER_PATHS = NO;
				CLANG_ENABLE_MODULES = YES;
				CLANG_ENABLE_OBJC_ARC = YES;
				ENABLE_STRICT_OBJC_MSGSEND = YES;
				GCC_NO_COMMON_BLOCKS = YES;
				IPHONEOS_DEPLOYMENT_TARGET = 17.0;
				MTL_ENABLE_DEBUG_INFO = YES;
				ONLY_ACTIVE_ARCH = YES;
				SDKROOT = iphoneos;
				SWIFT_OPTIMIZATION_LEVEL = "-Onone";
				SWIFT_VERSION = 5.0;
			};
			name = Debug;
		};
		BB159B7A2910F0E6F7E4A340 /* Release */ = {
			isa = XCBuildConfiguration;
			buildSettings = {
				ALWAYS_SEARCH_USER_PATHS = NO;
				CLANG_ENABLE_MODULES = YES;
				CLANG_ENABLE_OBJC_ARC = YES;
				ENABLE_STRICT_OBJC_MSGSEND = YES;
				GCC_NO_COMMON_BLOCKS = YES;
				IPHONEOS_DEPLOYMENT_TARGET = 17.0;
				MTL_ENABLE_DEBUG_INFO = NO;
				SDKROOT = iphoneos;
				SWIFT_COMPILATION_MODE = wholemodule;
				SWIFT_VERSION = 5.0;
				VALIDATE_PRODUCT = YES;
			};
			name = Release;
		};
		96CE5891704495CBFFF00165 /* Debug */ = {
			isa = XCBuildConfiguration;
			buildSettings = {
				ASSETCATALOG_COMPILER_APPICON_NAME = AppIcon;
				ASSETCATALOG_COMPILER_GLOBAL_ACCENT_COLOR_NAME = AccentColor;
				CODE_SIGN_STYLE = Automatic;
				CURRENT_PROJECT_VERSION = 1;
				GENERATE_INFOPLIST_FILE = YES;
				INFOPLIST_KEY_CFBundleDisplayName = "demo_app";
				INFOPLIST_KEY_UIApplicationSceneManifest_Generation = YES;
				INFOPLIST_KEY_UILaunchScreen_Generation = YES;
				INFOPLIST_KEY_UISupportedInterfaceOrientations = UIInterfaceOrientationPortrait;
				LD_RUNPATH_SEARCH_PATHS = (
					"$(inherited)",
					"@executable_path/Frameworks",
				);
				MARKETING_VERSION = 0.1;
				OTHER_LDFLAGS = "-ldemo_app -framework UIKit -framework QuartzCore -framework Metal -framework Foundation -framework CoreGraphics -framework Security -framework CoreFoundation";
				PRODUCT_BUNDLE_IDENTIFIER = "dev.rosace.demo_app";
				PRODUCT_NAME = "$(TARGET_NAME)";
				SWIFT_EMIT_LOC_STRINGS = YES;
				TARGETED_DEVICE_FAMILY = 1;
			};
			name = Debug;
		};
		AF81F49717B17FAB5B04BDC5 /* Release */ = {
			isa = XCBuildConfiguration;
			buildSettings = {
				ASSETCATALOG_COMPILER_APPICON_NAME = AppIcon;
				ASSETCATALOG_COMPILER_GLOBAL_ACCENT_COLOR_NAME = AccentColor;
				CODE_SIGN_STYLE = Automatic;
				CURRENT_PROJECT_VERSION = 1;
				GENERATE_INFOPLIST_FILE = YES;
				INFOPLIST_KEY_CFBundleDisplayName = "demo_app";
				INFOPLIST_KEY_UIApplicationSceneManifest_Generation = YES;
				INFOPLIST_KEY_UILaunchScreen_Generation = YES;
				INFOPLIST_KEY_UISupportedInterfaceOrientations = UIInterfaceOrientationPortrait;
				LD_RUNPATH_SEARCH_PATHS = (
					"$(inherited)",
					"@executable_path/Frameworks",
				);
				MARKETING_VERSION = 0.1;
				OTHER_LDFLAGS = "-ldemo_app -framework UIKit -framework QuartzCore -framework Metal -framework Foundation -framework CoreGraphics -framework Security -framework CoreFoundation";
				PRODUCT_BUNDLE_IDENTIFIER = "dev.rosace.demo_app";
				PRODUCT_NAME = "$(TARGET_NAME)";
				SWIFT_EMIT_LOC_STRINGS = YES;
				TARGETED_DEVICE_FAMILY = 1;
			};
			name = Release;
		};
/* End XCBuildConfiguration section */

/* Begin XCConfigurationList section */
		39D24EFF2CC64443C7C4B0DE /* Build configuration list for PBXProject "App" */ = {
			isa = XCConfigurationList;
			buildConfigurations = (
				FA383BE9511F68518F832D13 /* Debug */,
				BB159B7A2910F0E6F7E4A340 /* Release */,
			);
			defaultConfigurationIsVisible = 0;
			defaultConfigurationName = Release;
		};
		9068ED515DA53881152A8216 /* Build configuration list for PBXNativeTarget "App" */ = {
			isa = XCConfigurationList;
			buildConfigurations = (
				96CE5891704495CBFFF00165 /* Debug */,
				AF81F49717B17FAB5B04BDC5 /* Release */,
			);
			defaultConfigurationIsVisible = 0;
			defaultConfigurationName = Release;
		};
/* End XCConfigurationList section */
	};
	rootObject = DFD2A2909E5B73AF4363D6DC /* Project object */;
}
